
Microsoft Visual Studio Solution File, Format Version 12.00
# Visual Studio Version 17
VisualStudioVersion = 17.0.31903.59
MinimumVisualStudioVersion = 10.0.40219.1
Project("{9A19103F-16F7-4668-BE54-9A1E7A4F7556}") = "EComLite.Web", "EComLite.Web\EComLite.Web.csproj", "{836D2AEA-6B1F-46E6-9CEE-8050F765EF08}"
EndProject
Project("{FAE04EC0-301F-11D3-BF4B-00C04F79EFBC}") = "EComLite.Tests", "EComLite.Tests\EComLite.Tests.csproj", "{B4DBD52C-C7B8-48B7-B199-D446FB12C92B}"
EndProject
Global
	GlobalSection(SolutionConfigurationPlatforms) = preSolution
		Debug|Any CPU = Debug|Any CPU
		Release|Any CPU = Release|Any CPU
	EndGlobalSection
	GlobalSection(ProjectConfigurationPlatforms) = postSolution
		{836D2AEA-6B1F-46E6-9CEE-8050F765EF08}.Debug|Any CPU.ActiveCfg = Debug|Any CPU
		{836D2AEA-6B1F-46E6-9CEE-8050F765EF08}.Debug|Any CPU.Build.0 = Debug|Any CPU
		{836D2AEA-6B1F-46E6-9CEE-8050F765EF08}.Release|Any CPU.ActiveCfg = Release|Any CPU
		{836D2AEA-6B1F-46E6-9CEE-8050F765EF08}.Release|Any CPU.Build.0 = Release|Any CPU
		{B4DBD52C-C7B8-48B7-B199-D446FB12C92B}.Debug|Any CPU.ActiveCfg = Debug|Any CPU
		{B4DBD52C-C7B8-48B7-B199-D446FB12C92B}.Debug|Any CPU.Build.0 = Debug|Any CPU
		{B4DBD52C-C7B8-48B7-B199-D446FB12C92B}.Release|Any CPU.ActiveCfg = Release|Any CPU
		{B4DBD52C-C7B8-48B7-B199-D446FB12C92B}.Release|Any CPU.Build.0 = Release|Any CPU
	EndGlobalSection
	GlobalSection(SolutionProperties) = preSolution
		HideSolutionNode = FALSE
	EndGlobalSection
EndGlobal
